
Microsoft Visual Studio Solution File, Format Version 12.00
# Visual Studio Version 16
VisualStudioVersion = 16.0.30128.74
MinimumVisualStudioVersion = 10.0.40219.1
Project("{8BC9CEB8-8B4A-11D0-8D11-00A0C91BC942}") = "Lab 5", "Lab 5.vcxproj", "{E7955CA2-7977-44C7-96A1-4FFE244E68D3}"
EndProject
Global
	GlobalSection(SolutionConfigurationPlatforms) = preSolution
		Debug|x64 = Debug|x64
		Debug|x86 = Debug|x86
		Release|x64 = Release|x64
		Release|x86 = Release|x86
	EndGlobalSection
	GlobalSection(ProjectConfigurationPlatforms) = postSolution
		{E7955CA2-7977-44C7-96A1-4FFE244E68D3}.Debug|x64.ActiveCfg = Debug|x64
		{E7955CA2-7977-44C7-96A1-4FFE244E68D3}.Debug|x64.Build.0 = Debug|x64
		{E7955CA2-7977-44C7-96A1-4FFE244E68D3}.Debug|x86.ActiveCfg = Debug|Win32
		{E7955CA2-7977-44C7-96A1-4FFE244E68D3}.Debug|x86.Build.0 = Debug|Win32
		{E7955CA2-7977-44C7-96A1-4FFE244E68D3}.Release|x64.ActiveCfg = Release|x64
		{E7955CA2-7977-44C7-96A1-4FFE244E68D3}.Release|x64.Build.0 = Release|x64
		{E7955CA2-7977-44C7-96A1-4FFE244E68D3}.Release|x86.ActiveCfg = Release|Win32
		{E7955CA2-7977-44C7-96A1-4FFE244E68D3}.Release|x86.Build.0 = Release|Win32
	EndGlobalSection
	GlobalSection(SolutionProperties) = preSolution
		HideSolutionNode = FALSE
	EndGlobalSection
	GlobalSection(ExtensibilityGlobals) = postSolution
		SolutionGuid = {14CA283D-BA52-4449-A63B-7AC40E51F3BC}
	EndGlobalSection
EndGlobal
