
Microsoft Visual Studio Solution File, Format Version 12.00
# Visual Studio Version 16
VisualStudioVersion = 16.0.30011.22
MinimumVisualStudioVersion = 10.0.40219.1
Project("{8BC9CEB8-8B4A-11D0-8D11-00A0C91BC942}") = "Lab 3", "Lab 3.vcxproj", "{7CB7C7C5-71FC-4F77-8A0C-46DA8C723EA6}"
EndProject
Global
	GlobalSection(SolutionConfigurationPlatforms) = preSolution
		Debug|x64 = Debug|x64
		Debug|x86 = Debug|x86
		Release|x64 = Release|x64
		Release|x86 = Release|x86
	EndGlobalSection
	GlobalSection(ProjectConfigurationPlatforms) = postSolution
		{7CB7C7C5-71FC-4F77-8A0C-46DA8C723EA6}.Debug|x64.ActiveCfg = Debug|x64
		{7CB7C7C5-71FC-4F77-8A0C-46DA8C723EA6}.Debug|x64.Build.0 = Debug|x64
		{7CB7C7C5-71FC-4F77-8A0C-46DA8C723EA6}.Debug|x86.ActiveCfg = Debug|Win32
		{7CB7C7C5-71FC-4F77-8A0C-46DA8C723EA6}.Debug|x86.Build.0 = Debug|Win32
		{7CB7C7C5-71FC-4F77-8A0C-46DA8C723EA6}.Release|x64.ActiveCfg = Release|x64
		{7CB7C7C5-71FC-4F77-8A0C-46DA8C723EA6}.Release|x64.Build.0 = Release|x64
		{7CB7C7C5-71FC-4F77-8A0C-46DA8C723EA6}.Release|x86.ActiveCfg = Release|Win32
		{7CB7C7C5-71FC-4F77-8A0C-46DA8C723EA6}.Release|x86.Build.0 = Release|Win32
	EndGlobalSection
	GlobalSection(SolutionProperties) = preSolution
		HideSolutionNode = FALSE
	EndGlobalSection
	GlobalSection(ExtensibilityGlobals) = postSolution
		SolutionGuid = {EC1677CB-80B5-4030-B60C-392621B00E31}
	EndGlobalSection
EndGlobal
